{
  "name": "UI-project",
  "lockfileVersion": 3,
  "requires": true,
  "packages": {
    "": {
      "dependencies": {
        "lucide-react": "^0.555.0"
      },
      "devDependencies": {
        "@types/leaflet": "^1.9.21"
      }
    },
    "node_modules/@types/geojson": {
      "version": "7946.0.16",
      "resolved": "https://registry.npmjs.org/@types/geojson/-/geojson-7946.0.16.tgz",
      "integrity": "sha512-6C8nqWur3j98U6+lXDfTUWIfgvZU+EumvpHKcYjujKH7woYyLj2sUmff0tRhrqM7BohUw7Pz3ZB1jj2gW9Fvmg==",
      "dev": true,
      "license": "MIT"
    },
    "node_modules/@types/leaflet": {
      "version": "1.9.21",
      "resolved": "https://registry.npmjs.org/@types/leaflet/-/leaflet-1.9.21.tgz",
      "integrity": "sha512-TbAd9DaPGSnzp6QvtYngntMZgcRk+igFELwR2N99XZn7RXUdKgsXMR+28bUO0rPsWp8MIu/f47luLIQuSLYv/w==",
      "dev": true,
      "license": "MIT",
      "dependencies": {
        "@types/geojson": "*"
      }
    },
    "node_modules/lucide-react": {
      "version": "0.555.0",
      "resolved": "https://registry.npmjs.org/lucide-react/-/lucide-react-0.555.0.tgz",
      "integrity": "sha512-D8FvHUGbxWBRQM90NZeIyhAvkFfsh3u9ekrMvJ30Z6gnpBHS6HC6ldLg7tL45hwiIz/u66eKDtdA23gwwGsAHA==",
      "license": "ISC",
      "peerDependencies": {
        "react": "^16.5.1 || ^17.0.0 || ^18.0.0 || ^19.0.0"
      }
    },
    "node_modules/react": {
      "version": "19.2.0",
      "resolved": "https://registry.npmjs.org/react/-/react-19.2.0.tgz",
      "integrity": "sha512-tmbWg6W31tQLeB5cdIBOicJDJRR2KzXsV7uSK9iNfLWQ5bIZfxuPEHp7M8wiHyHnn0DD1i7w3Zmin0FtkrwoCQ==",
      "license": "MIT",
      "peer": true,
      "engines": {
        "node": ">=0.10.0"
      }
    }
  }
}
